// !$*UTF8*$!
{
	archiveVersion = 1;
	classes = {
	};
	objectVersion = 48;
	objects = {

/* Begin PBXBuildFile section */
		DC5A02D82297133100935252 /* main.command in Resources */ = {isa = PBXBuildFile; fileRef = DC5A02D72297133100935252 /* main.command */; };
		DC5A02DB2297133100935252 /* main.xib in Resources */ = {isa = PBXBuildFile; fileRef = DC5A02D92297133100935252 /* main.xib */; };
		DC5A02DF2297133100935252 /* InfoPlist.strings in Resources */ = {isa = PBXBuildFile; fileRef = DC5A02DD2297133100935252 /* InfoPlist.strings */; };
		DC5A02E62297135C00935252 /* fcpx-audio-role-append in Resources */ = {isa = PBXBuildFile; fileRef = DC5A02E52297135C00935252 /* fcpx-audio-role-append */; };
/* End PBXBuildFile section */

/* Begin PBXFileReference section */
		DC5A02D42297133000935252 /* FCPX Audio Role Append.action */ = {isa = PBXFileReference; explicitFileType = wrapper.cfbundle; includeInIndex = 0; path = "FCPX Audio Role Append.action"; sourceTree = BUILT_PRODUCTS_DIR; };
		DC5A02D72297133100935252 /* main.command */ = {isa = PBXFileReference; lastKnownFileType = text; path = main.command; sourceTree = "<group>"; };
		DC5A02DA2297133100935252 /* Base */ = {isa = PBXFileReference; lastKnownFileType = file.xib; name = Base; path = Base.lproj/main.xib; sourceTree = "<group>"; };
		DC5A02DC2297133100935252 /* Info.plist */ = {isa = PBXFileReference; lastKnownFileType = text.plist.xml; path = Info.plist; sourceTree = "<group>"; };
		DC5A02DE2297133100935252 /* en */ = {isa = PBXFileReference; lastKnownFileType = text.plist.strings; name = en; path = en.lproj/InfoPlist.strings; sourceTree = "<group>"; };
		DC5A02E52297135C00935252 /* fcpx-audio-role-append */ = {isa = PBXFileReference; lastKnownFileType = "compiled.mach-o.executable"; path = "fcpx-audio-role-append"; sourceTree = "<group>"; };
/* End PBXFileReference section */

/* Begin PBXFrameworksBuildPhase section */
		DC5A02D02297133000935252 /* Frameworks */ = {
			isa = PBXFrameworksBuildPhase;
			buildActionMask = 2147483647;
			files = (
			);
			runOnlyForDeploymentPostprocessing = 0;
		};
/* End PBXFrameworksBuildPhase section */

/* Begin PBXGroup section */
		DC5A02CA2297133000935252 = {
			isa = PBXGroup;
			children = (
				DC5A02D62297133000935252 /* FCPX Audio Role Append */,
				DC5A02D52297133000935252 /* Products */,
			);
			sourceTree = "<group>";
		};
		DC5A02D52297133000935252 /* Products */ = {
			isa = PBXGroup;
			children = (
				DC5A02D42297133000935252 /* FCPX Audio Role Append.action */,
			);
			name = Products;
			sourceTree = "<group>";
		};
		DC5A02D62297133000935252 /* FCPX Audio Role Append */ = {
			isa = PBXGroup;
			children = (
				DC5A02E52297135C00935252 /* fcpx-audio-role-append */,
				DC5A02D72297133100935252 /* main.command */,
				DC5A02D92297133100935252 /* main.xib */,
				DC5A02DC2297133100935252 /* Info.plist */,
				DC5A02DD2297133100935252 /* InfoPlist.strings */,
			);
			path = "FCPX Audio Role Append";
			sourceTree = "<group>";
		};
/* End PBXGroup section */

/* Begin PBXNativeTarget section */
		DC5A02D32297133000935252 /* FCPX Audio Role Append */ = {
			isa = PBXNativeTarget;
			buildConfigurationList = DC5A02E22297133100935252 /* Build configuration list for PBXNativeTarget "FCPX Audio Role Append" */;
			buildPhases = (
				DC5A02CF2297133000935252 /* Sources */,
				DC5A02D02297133000935252 /* Frameworks */,
				DC5A02D12297133000935252 /* Resources */,
				DC5A02D22297133000935252 /* ShellScript */,
			);
			buildRules = (
			);
			dependencies = (
			);
			name = "FCPX Audio Role Append";
			productName = "FCPX Audio Role Append";
			productReference = DC5A02D42297133000935252 /* FCPX Audio Role Append.action */;
			productType = "com.apple.product-type.bundle";
		};
/* End PBXNativeTarget section */

/* Begin PBXProject section */
		DC5A02CB2297133000935252 /* Project object */ = {
			isa = PBXProject;
			attributes = {
				LastUpgradeCheck = 0920;
				ORGANIZATIONNAME = "taku-o";
				TargetAttributes = {
					DC5A02D32297133000935252 = {
						CreatedOnToolsVersion = 9.2;
						ProvisioningStyle = Automatic;
					};
				};
			};
			buildConfigurationList = DC5A02CE2297133000935252 /* Build configuration list for PBXProject "FCPX Audio Role Append" */;
			compatibilityVersion = "Xcode 8.0";
			developmentRegion = en;
			hasScannedForEncodings = 0;
			knownRegions = (
				en,
				Base,
			);
			mainGroup = DC5A02CA2297133000935252;
			productRefGroup = DC5A02D52297133000935252 /* Products */;
			projectDirPath = "";
			projectRoot = "";
			targets = (
				DC5A02D32297133000935252 /* FCPX Audio Role Append */,
			);
		};
/* End PBXProject section */

/* Begin PBXResourcesBuildPhase section */
		DC5A02D12297133000935252 /* Resources */ = {
			isa = PBXResourcesBuildPhase;
			buildActionMask = 2147483647;
			files = (
				DC5A02DB2297133100935252 /* main.xib in Resources */,
				DC5A02DF2297133100935252 /* InfoPlist.strings in Resources */,
				DC5A02E62297135C00935252 /* fcpx-audio-role-append in Resources */,
				DC5A02D82297133100935252 /* main.command in Resources */,
			);
			runOnlyForDeploymentPostprocessing = 0;
		};
/* End PBXResourcesBuildPhase section */

/* Begin PBXShellScriptBuildPhase section */
		DC5A02D22297133000935252 /* ShellScript */ = {
			isa = PBXShellScriptBuildPhase;
			buildActionMask = 2147483647;
			files = (
			);
			inputPaths = (
			);
			outputPaths = (
			);
			runOnlyForDeploymentPostprocessing = 0;
			shellPath = /bin/sh;
			shellScript = "amlint \"${BUILT_PRODUCTS_DIR}/${FULL_PRODUCT_NAME}\"";
		};
/* End PBXShellScriptBuildPhase section */

/* Begin PBXSourcesBuildPhase section */
		DC5A02CF2297133000935252 /* Sources */ = {
			isa = PBXSourcesBuildPhase;
			buildActionMask = 2147483647;
			files = (
			);
			runOnlyForDeploymentPostprocessing = 0;
		};
/* End PBXSourcesBuildPhase section */

/* Begin PBXVariantGroup section */
		DC5A02D92297133100935252 /* main.xib */ = {
			isa = PBXVariantGroup;
			children = (
				DC5A02DA2297133100935252 /* Base */,
			);
			name = main.xib;
			sourceTree = "<group>";
		};
		DC5A02DD2297133100935252 /* InfoPlist.strings */ = {
			isa = PBXVariantGroup;
			children = (
				DC5A02DE2297133100935252 /* en */,
			);
			name = InfoPlist.strings;
			sourceTree = "<group>";
		};
/* End PBXVariantGroup section */

/* Begin XCBuildConfiguration section */
		DC5A02E02297133100935252 /* Debug */ = {
			isa = XCBuildConfiguration;
			buildSettings = {
				ALWAYS_SEARCH_USER_PATHS = NO;
				CLANG_ANALYZER_NONNULL = YES;
				CLANG_ANALYZER_NUMBER_OBJECT_CONVERSION = YES_AGGRESSIVE;
				CLANG_CXX_LANGUAGE_STANDARD = "gnu++14";
				CLANG_CXX_LIBRARY = "libc++";
				CLANG_ENABLE_MODULES = YES;
				CLANG_ENABLE_OBJC_ARC = YES;
				CLANG_WARN_BLOCK_CAPTURE_AUTORELEASING = YES;
				CLANG_WARN_BOOL_CONVERSION = YES;
				CLANG_WARN_COMMA = YES;
				CLANG_WARN_CONSTANT_CONVERSION = YES;
				CLANG_WARN_DIRECT_OBJC_ISA_USAGE = YES_ERROR;
				CLANG_WARN_DOCUMENTATION_COMMENTS = YES;
				CLANG_WARN_EMPTY_BODY = YES;
				CLANG_WARN_ENUM_CONVERSION = YES;
				CLANG_WARN_INFINITE_RECURSION = YES;
				CLANG_WARN_INT_CONVERSION = YES;
				CLANG_WARN_NON_LITERAL_NULL_CONVERSION = YES;
				CLANG_WARN_OBJC_LITERAL_CONVERSION = YES;
				CLANG_WARN_OBJC_ROOT_CLASS = YES_ERROR;
				CLANG_WARN_RANGE_LOOP_ANALYSIS = YES;
				CLANG_WARN_STRICT_PROTOTYPES = YES;
				CLANG_WARN_SUSPICIOUS_MOVE = YES;
				CLANG_WARN_UNGUARDED_AVAILABILITY = YES_AGGRESSIVE;
				CLANG_WARN_UNREACHABLE_CODE = YES;
				CLANG_WARN__DUPLICATE_METHOD_MATCH = YES;
				CODE_SIGN_IDENTITY = "-";
				COPY_PHASE_STRIP = NO;
				DEBUG_INFORMATION_FORMAT = dwarf;
				ENABLE_STRICT_OBJC_MSGSEND = YES;
				ENABLE_TESTABILITY = YES;
				GCC_C_LANGUAGE_STANDARD = gnu11;
				GCC_DYNAMIC_NO_PIC = NO;
				GCC_NO_COMMON_BLOCKS = YES;
				GCC_OPTIMIZATION_LEVEL = 0;
				GCC_PREPROCESSOR_DEFINITIONS = (
					"DEBUG=1",
					"$(inherited)",
				);
				GCC_WARN_64_TO_32_BIT_CONVERSION = YES;
				GCC_WARN_ABOUT_RETURN_TYPE = YES_ERROR;
				GCC_WARN_UNDECLARED_SELECTOR = YES;
				GCC_WARN_UNINITIALIZED_AUTOS = YES_AGGRESSIVE;
				GCC_WARN_UNUSED_FUNCTION = YES;
				GCC_WARN_UNUSED_VARIABLE = YES;
				MACOSX_DEPLOYMENT_TARGET = 10.12;
				MTL_ENABLE_DEBUG_INFO = YES;
				ONLY_ACTIVE_ARCH = YES;
				SDKROOT = macosx;
			};
			name = Debug;
		};
		DC5A02E12297133100935252 /* Release */ = {
			isa = XCBuildConfiguration;
			buildSettings = {
				ALWAYS_SEARCH_USER_PATHS = NO;
				CLANG_ANALYZER_NONNULL = YES;
				CLANG_ANALYZER_NUMBER_OBJECT_CONVERSION = YES_AGGRESSIVE;
				CLANG_CXX_LANGUAGE_STANDARD = "gnu++14";
				CLANG_CXX_LIBRARY = "libc++";
				CLANG_ENABLE_MODULES = YES;
				CLANG_ENABLE_OBJC_ARC = YES;
				CLANG_WARN_BLOCK_CAPTURE_AUTORELEASING = YES;
				CLANG_WARN_BOOL_CONVERSION = YES;
				CLANG_WARN_COMMA = YES;
				CLANG_WARN_CONSTANT_CONVERSION = YES;
				CLANG_WARN_DIRECT_OBJC_ISA_USAGE = YES_ERROR;
				CLANG_WARN_DOCUMENTATION_COMMENTS = YES;
				CLANG_WARN_EMPTY_BODY = YES;
				CLANG_WARN_ENUM_CONVERSION = YES;
				CLANG_WARN_INFINITE_RECURSION = YES;
				CLANG_WARN_INT_CONVERSION = YES;
				CLANG_WARN_NON_LITERAL_NULL_CONVERSION = YES;
				CLANG_WARN_OBJC_LITERAL_CONVERSION = YES;
				CLANG_WARN_OBJC_ROOT_CLASS = YES_ERROR;
				CLANG_WARN_RANGE_LOOP_ANALYSIS = YES;
				CLANG_WARN_STRICT_PROTOTYPES = YES;
				CLANG_WARN_SUSPICIOUS_MOVE = YES;
				CLANG_WARN_UNGUARDED_AVAILABILITY = YES_AGGRESSIVE;
				CLANG_WARN_UNREACHABLE_CODE = YES;
				CLANG_WARN__DUPLICATE_METHOD_MATCH = YES;
				CODE_SIGN_IDENTITY = "-";
				COPY_PHASE_STRIP = NO;
				DEBUG_INFORMATION_FORMAT = "dwarf-with-dsym";
				ENABLE_NS_ASSERTIONS = NO;
				ENABLE_STRICT_OBJC_MSGSEND = YES;
				GCC_C_LANGUAGE_STANDARD = gnu11;
				GCC_NO_COMMON_BLOCKS = YES;
				GCC_WARN_64_TO_32_BIT_CONVERSION = YES;
				GCC_WARN_ABOUT_RETURN_TYPE = YES_ERROR;
				GCC_WARN_UNDECLARED_SELECTOR = YES;
				GCC_WARN_UNINITIALIZED_AUTOS = YES_AGGRESSIVE;
				GCC_WARN_UNUSED_FUNCTION = YES;
				GCC_WARN_UNUSED_VARIABLE = YES;
				MACOSX_DEPLOYMENT_TARGET = 10.12;
				MTL_ENABLE_DEBUG_INFO = NO;
				SDKROOT = macosx;
			};
			name = Release;
		};
		DC5A02E32297133100935252 /* Debug */ = {
			isa = XCBuildConfiguration;
			buildSettings = {
				CODE_SIGN_STYLE = Automatic;
				COMBINE_HIDPI_IMAGES = YES;
				INFOPLIST_FILE = "FCPX Audio Role Append/Info.plist";
				INSTALL_PATH = "$(HOME)/Library/Automator";
				OTHER_OSAFLAGS = "-x -t 0 -c 0";
				PRODUCT_BUNDLE_IDENTIFIER = "jp.nanasi.FCPX-Audio-Role-Append";
				PRODUCT_NAME = "$(TARGET_NAME)";
				WRAPPER_EXTENSION = action;
			};
			name = Debug;
		};
		DC5A02E42297133100935252 /* Release */ = {
			isa = XCBuildConfiguration;
			buildSettings = {
				CODE_SIGN_STYLE = Automatic;
				COMBINE_HIDPI_IMAGES = YES;
				INFOPLIST_FILE = "FCPX Audio Role Append/Info.plist";
				INSTALL_PATH = "$(HOME)/Library/Automator";
				OTHER_OSAFLAGS = "-x -t 0 -c 0";
				PRODUCT_BUNDLE_IDENTIFIER = "jp.nanasi.FCPX-Audio-Role-Append";
				PRODUCT_NAME = "$(TARGET_NAME)";
				WRAPPER_EXTENSION = action;
			};
			name = Release;
		};
/* End XCBuildConfiguration section */

/* Begin XCConfigurationList section */
		DC5A02CE2297133000935252 /* Build configuration list for PBXProject "FCPX Audio Role Append" */ = {
			isa = XCConfigurationList;
			buildConfigurations = (
				DC5A02E02297133100935252 /* Debug */,
				DC5A02E12297133100935252 /* Release */,
			);
			defaultConfigurationIsVisible = 0;
			defaultConfigurationName = Release;
		};
		DC5A02E22297133100935252 /* Build configuration list for PBXNativeTarget "FCPX Audio Role Append" */ = {
			isa = XCConfigurationList;
			buildConfigurations = (
				DC5A02E32297133100935252 /* Debug */,
				DC5A02E42297133100935252 /* Release */,
			);
			defaultConfigurationIsVisible = 0;
			defaultConfigurationName = Release;
		};
/* End XCConfigurationList section */
	};
	rootObject = DC5A02CB2297133000935252 /* Project object */;
}
